
Microsoft Visual Studio Solution File, Format Version 12.00
# Visual Studio Version 17
VisualStudioVersion = 17.8.34511.84
MinimumVisualStudioVersion = 10.0.40219.1
Project("{9A19103F-16F7-4668-BE54-9A1E7A4F7556}") = "CrewBoom.Mono", "CrewBoom.Mono\CrewBoom.Mono.csproj", "{AB6AEF40-27CF-411E-B58B-9482E85AF08C}"
EndProject
Global
	GlobalSection(SolutionConfigurationPlatforms) = preSolution
		Debug|Any CPU = Debug|Any CPU
		Release|Any CPU = Release|Any CPU
	EndGlobalSection
	GlobalSection(ProjectConfigurationPlatforms) = postSolution
		{AB6AEF40-27CF-411E-B58B-9482E85AF08C}.Debug|Any CPU.ActiveCfg = Debug|Any CPU
		{AB6AEF40-27CF-411E-B58B-9482E85AF08C}.Debug|Any CPU.Build.0 = Debug|Any CPU
		{AB6AEF40-27CF-411E-B58B-9482E85AF08C}.Release|Any CPU.ActiveCfg = Release|Any CPU
		{AB6AEF40-27CF-411E-B58B-9482E85AF08C}.Release|Any CPU.Build.0 = Release|Any CPU
	EndGlobalSection
	GlobalSection(SolutionProperties) = preSolution
		HideSolutionNode = FALSE
	EndGlobalSection
	GlobalSection(ExtensibilityGlobals) = postSolution
		SolutionGuid = {3BFBD832-6302-4A38-806F-0DE6D09305FB}
	EndGlobalSection
EndGlobal
